schema: '2.0'
stages:
  data_ingestion:
    cmd: python src/data_ingestion.py
    deps:
    - path: src/data_ingestion.py
      hash: md5
      md5: beee255ef3aa13076da5ce943af74cfc
      size: 3066
    params:
      params.yaml:
        data_ingestion.test_size: 0.2
    outs:
    - path: data/raw
      hash: md5
      md5: 1a287d34dc172d9f950c03dae35f7e73.dir
      size: 484846
      nfiles: 2
  data_preprocessing:
    cmd: python src/preprocessing.py
    deps:
    - path: data/raw
      hash: md5
      md5: 1a287d34dc172d9f950c03dae35f7e73.dir
      size: 484846
      nfiles: 2
    - path: src/preprocessing.py
      hash: md5
      md5: 47bcaef827e4c496ae9a0fbf84057e70
      size: 3303
    outs:
    - path: data/interim
      hash: md5
      md5: f52b4516af94989d7fa25edc02a6b1ea.dir
      size: 260073
      nfiles: 2
  feature_engineering:
    cmd: python src/feature_engineering.py
    deps:
    - path: data/interim
      hash: md5
      md5: f52b4516af94989d7fa25edc02a6b1ea.dir
      size: 260073
      nfiles: 2
    - path: src/feature_engineering.py
      hash: md5
      md5: 28e35c2549ca27dd930a79d555a52e1b
      size: 4001
    params:
      params.yaml:
        feature_engineering.max_features: 60
    outs:
    - path: data/processed
      hash: md5
      md5: d9839311445efdfd5454032fceec48cc.dir
      size: 1407274
      nfiles: 2
  model_building:
    cmd: python src/model_building.py
    deps:
    - path: data/processed
      hash: md5
      md5: d9839311445efdfd5454032fceec48cc.dir
      size: 1407274
      nfiles: 2
    - path: src/model_building.py
      hash: md5
      md5: 27cd5ba995916b71616ec3fb074deab4
      size: 4470
    params:
      params.yaml:
        model_building.n_estimators: 49
        model_building.random_state: 2
    outs:
    - path: models/model.pkl
      hash: md5
      md5: cd546e5d9a728bbec0260aad00537e46
      size: 1993498
  model_evaluation:
    cmd: python src/model_evaluation.py
    deps:
    - path: models/model.pkl
      hash: md5
      md5: cd546e5d9a728bbec0260aad00537e46
      size: 1993498
    - path: src/model_evaluation.py
      hash: md5
      md5: 0bcb42436f153c25939fd04d5455de25
      size: 4717
    outs:
    - path: reports/metrics.json
      hash: md5
      md5: 6ba9ec265e8866fadcc7d68ef7ab703c
      size: 145
