schema: '2.0'
stages:
  data_ingestion:
    cmd: python src/data_ingestion.py
    deps:
    - path: src/data_ingestion.py
      hash: md5
      md5: beee255ef3aa13076da5ce943af74cfc
      size: 3066
    params:
      params.yaml:
        data_ingestion.test_size: 0.2
    outs:
    - path: data/raw
      hash: md5
      md5: 1a287d34dc172d9f950c03dae35f7e73.dir
      size: 484846
      nfiles: 2
  data_preprocessing:
    cmd: python src/preprocessing.py
    deps:
    - path: data/raw
      hash: md5
      md5: 1a287d34dc172d9f950c03dae35f7e73.dir
      size: 484846
      nfiles: 2
    - path: src/preprocessing.py
      hash: md5
      md5: 47bcaef827e4c496ae9a0fbf84057e70
      size: 3303
    outs:
    - path: data/interim
      hash: md5
      md5: f52b4516af94989d7fa25edc02a6b1ea.dir
      size: 260073
      nfiles: 2
  feature_engineering:
    cmd: python src/feature_engineering.py
    deps:
    - path: data/interim
      hash: md5
      md5: f52b4516af94989d7fa25edc02a6b1ea.dir
      size: 260073
      nfiles: 2
    - path: src/feature_engineering.py
      hash: md5
      md5: 28e35c2549ca27dd930a79d555a52e1b
      size: 4001
    params:
      params.yaml:
        feature_engineering.max_features: 40
    outs:
    - path: data/processed
      hash: md5
      md5: b660f0d8e9e32011c5b6047c8a7a99ca.dir
      size: 950075
      nfiles: 2
  model_building:
    cmd: python src/model_building.py
    deps:
    - path: data/processed
      hash: md5
      md5: b660f0d8e9e32011c5b6047c8a7a99ca.dir
      size: 950075
      nfiles: 2
    - path: src/model_building.py
      hash: md5
      md5: 27cd5ba995916b71616ec3fb074deab4
      size: 4470
    params:
      params.yaml:
        model_building.n_estimators: 20
        model_building.random_state: 2
    outs:
    - path: models/model.pkl
      hash: md5
      md5: 8b86923b223b5ea539654a4e021243e1
      size: 607961
  model_evaluation:
    cmd: python src/model_evaluation.py
    deps:
    - path: models/model.pkl
      hash: md5
      md5: 8b86923b223b5ea539654a4e021243e1
      size: 607961
    - path: src/model_evaluation.py
      hash: md5
      md5: 61c8749a9b30f11d5523c5a9260dc276
      size: 4295
    outs:
    - path: reports/metrics.json
      hash: md5
      md5: bdb7c4aebc13d247a477ac2deecdbac3
      size: 145
